
Microsoft Visual Studio Solution File, Format Version 12.00
# Visual Studio Version 17
VisualStudioVersion = 17.14.36811.4
MinimumVisualStudioVersion = 10.0.40219.1
Project("{2150E333-8FDC-42A3-9474-1A3956D46DE8}") = "Task0", "Task0", "{02EA681E-C7D8-13C7-8484-4AC65E1B71E8}"
EndProject
Project("{FAE04EC0-301F-11D3-BF4B-00C04F79EFBC}") = "Tyuiu.PyrkinAA.Sprint5.Task0.V3", "Tyuiu.PyrkinAA.Sprint5.Task0.V3\Tyuiu.PyrkinAA.Sprint5.Task0.V3.csproj", "{6A59D42F-F549-4A56-9E6D-1EE5173C4879}"
EndProject
Project("{FAE04EC0-301F-11D3-BF4B-00C04F79EFBC}") = "Tyuiu.PyrkinAA.Sprint5.Task0.V3.Lib", "Tyuiu.PyrkinAA.Sprint5.Task0.V3.Lib\Tyuiu.PyrkinAA.Sprint5.Task0.V3.Lib.csproj", "{1F806470-E683-44E1-A7D9-3C82E05C1AED}"
EndProject
Project("{FAE04EC0-301F-11D3-BF4B-00C04F79EFBC}") = "Tyuiu.PyrkinAA.Sprint5.Task0.V3.Test", "Tyuiu.PyrkinAA.Sprint5.Task0.V3.Test\Tyuiu.PyrkinAA.Sprint5.Task0.V3.Test.csproj", "{21D4196B-AD40-49EE-B03B-BF257A501AB1}"
EndProject
Project("{2150E333-8FDC-42A3-9474-1A3956D46DE8}") = "Task1", "Task1", "{A57B9484-4387-4252-9859-B797BC0D4F45}"
EndProject
Project("{FAE04EC0-301F-11D3-BF4B-00C04F79EFBC}") = "Tyuiu.PyrkinAA.Sprint5.Task1.V24", "Tyuiu.PyrkinAA.Sprint5.Task1.V24\Tyuiu.PyrkinAA.Sprint5.Task1.V24.csproj", "{C05D8527-1D5A-4C90-A18E-57ED55A12781}"
EndProject
Project("{FAE04EC0-301F-11D3-BF4B-00C04F79EFBC}") = "Tyuiu.PyrkinAA.Sprint5.Task1.V24.Test", "Tyuiu.PyrkinAA.Sprint5.Task1.V24.Test\Tyuiu.PyrkinAA.Sprint5.Task1.V24.Test.csproj", "{72EC2D96-DA37-4F15-B637-DC788350F9D7}"
EndProject
Project("{FAE04EC0-301F-11D3-BF4B-00C04F79EFBC}") = "Tyuiu.PyrkinAA.Sprint5.Task1.V24.Lib", "Tyuiu.PyrkinAA.Sprint5.Task1.V24.Lib\Tyuiu.PyrkinAA.Sprint5.Task1.V24.Lib.csproj", "{801D4FB7-090E-4253-A256-831B049F3E0B}"
EndProject
Global
	GlobalSection(SolutionConfigurationPlatforms) = preSolution
		Debug|Any CPU = Debug|Any CPU
		Release|Any CPU = Release|Any CPU
	EndGlobalSection
	GlobalSection(ProjectConfigurationPlatforms) = postSolution
		{6A59D42F-F549-4A56-9E6D-1EE5173C4879}.Debug|Any CPU.ActiveCfg = Debug|Any CPU
		{6A59D42F-F549-4A56-9E6D-1EE5173C4879}.Debug|Any CPU.Build.0 = Debug|Any CPU
		{6A59D42F-F549-4A56-9E6D-1EE5173C4879}.Release|Any CPU.ActiveCfg = Release|Any CPU
		{6A59D42F-F549-4A56-9E6D-1EE5173C4879}.Release|Any CPU.Build.0 = Release|Any CPU
		{1F806470-E683-44E1-A7D9-3C82E05C1AED}.Debug|Any CPU.ActiveCfg = Debug|Any CPU
		{1F806470-E683-44E1-A7D9-3C82E05C1AED}.Debug|Any CPU.Build.0 = Debug|Any CPU
		{1F806470-E683-44E1-A7D9-3C82E05C1AED}.Release|Any CPU.ActiveCfg = Release|Any CPU
		{1F806470-E683-44E1-A7D9-3C82E05C1AED}.Release|Any CPU.Build.0 = Release|Any CPU
		{21D4196B-AD40-49EE-B03B-BF257A501AB1}.Debug|Any CPU.ActiveCfg = Debug|Any CPU
		{21D4196B-AD40-49EE-B03B-BF257A501AB1}.Debug|Any CPU.Build.0 = Debug|Any CPU
		{21D4196B-AD40-49EE-B03B-BF257A501AB1}.Release|Any CPU.ActiveCfg = Release|Any CPU
		{21D4196B-AD40-49EE-B03B-BF257A501AB1}.Release|Any CPU.Build.0 = Release|Any CPU
		{C05D8527-1D5A-4C90-A18E-57ED55A12781}.Debug|Any CPU.ActiveCfg = Debug|Any CPU
		{C05D8527-1D5A-4C90-A18E-57ED55A12781}.Debug|Any CPU.Build.0 = Debug|Any CPU
		{C05D8527-1D5A-4C90-A18E-57ED55A12781}.Release|Any CPU.ActiveCfg = Release|Any CPU
		{C05D8527-1D5A-4C90-A18E-57ED55A12781}.Release|Any CPU.Build.0 = Release|Any CPU
		{72EC2D96-DA37-4F15-B637-DC788350F9D7}.Debug|Any CPU.ActiveCfg = Debug|Any CPU
		{72EC2D96-DA37-4F15-B637-DC788350F9D7}.Debug|Any CPU.Build.0 = Debug|Any CPU
		{72EC2D96-DA37-4F15-B637-DC788350F9D7}.Release|Any CPU.ActiveCfg = Release|Any CPU
		{72EC2D96-DA37-4F15-B637-DC788350F9D7}.Release|Any CPU.Build.0 = Release|Any CPU
		{801D4FB7-090E-4253-A256-831B049F3E0B}.Debug|Any CPU.ActiveCfg = Debug|Any CPU
		{801D4FB7-090E-4253-A256-831B049F3E0B}.Debug|Any CPU.Build.0 = Debug|Any CPU
		{801D4FB7-090E-4253-A256-831B049F3E0B}.Release|Any CPU.ActiveCfg = Release|Any CPU
		{801D4FB7-090E-4253-A256-831B049F3E0B}.Release|Any CPU.Build.0 = Release|Any CPU
	EndGlobalSection
	GlobalSection(SolutionProperties) = preSolution
		HideSolutionNode = FALSE
	EndGlobalSection
	GlobalSection(NestedProjects) = preSolution
		{6A59D42F-F549-4A56-9E6D-1EE5173C4879} = {02EA681E-C7D8-13C7-8484-4AC65E1B71E8}
		{1F806470-E683-44E1-A7D9-3C82E05C1AED} = {02EA681E-C7D8-13C7-8484-4AC65E1B71E8}
		{21D4196B-AD40-49EE-B03B-BF257A501AB1} = {02EA681E-C7D8-13C7-8484-4AC65E1B71E8}
		{C05D8527-1D5A-4C90-A18E-57ED55A12781} = {A57B9484-4387-4252-9859-B797BC0D4F45}
		{72EC2D96-DA37-4F15-B637-DC788350F9D7} = {A57B9484-4387-4252-9859-B797BC0D4F45}
		{801D4FB7-090E-4253-A256-831B049F3E0B} = {A57B9484-4387-4252-9859-B797BC0D4F45}
	EndGlobalSection
	GlobalSection(ExtensibilityGlobals) = postSolution
		SolutionGuid = {DA4B5684-DED0-4707-A6A8-9C5B1EFFCB54}
	EndGlobalSection
EndGlobal
