
Microsoft Visual Studio Solution File, Format Version 12.00
# Visual Studio Version 17
VisualStudioVersion = 17.14.36811.4
MinimumVisualStudioVersion = 10.0.40219.1
Project("{2150E333-8FDC-42A3-9474-1A3956D46DE8}") = "Task0", "Task0", "{02EA681E-C7D8-13C7-8484-4AC65E1B71E8}"
EndProject
Project("{FAE04EC0-301F-11D3-BF4B-00C04F79EFBC}") = "Tyuiu.PyrkinAA.Sprint5.Task0.V3", "Tyuiu.PyrkinAA.Sprint5.Task0.V3\Tyuiu.PyrkinAA.Sprint5.Task0.V3.csproj", "{6A59D42F-F549-4A56-9E6D-1EE5173C4879}"
EndProject
Project("{FAE04EC0-301F-11D3-BF4B-00C04F79EFBC}") = "Tyuiu.PyrkinAA.Sprint5.Task0.V3.Lib", "Tyuiu.PyrkinAA.Sprint5.Task0.V3.Lib\Tyuiu.PyrkinAA.Sprint5.Task0.V3.Lib.csproj", "{1F806470-E683-44E1-A7D9-3C82E05C1AED}"
EndProject
Project("{FAE04EC0-301F-11D3-BF4B-00C04F79EFBC}") = "Tyuiu.PyrkinAA.Sprint5.Task0.V3.Test", "Tyuiu.PyrkinAA.Sprint5.Task0.V3.Test\Tyuiu.PyrkinAA.Sprint5.Task0.V3.Test.csproj", "{21D4196B-AD40-49EE-B03B-BF257A501AB1}"
EndProject
Project("{2150E333-8FDC-42A3-9474-1A3956D46DE8}") = "Task1", "Task1", "{A57B9484-4387-4252-9859-B797BC0D4F45}"
EndProject
Project("{FAE04EC0-301F-11D3-BF4B-00C04F79EFBC}") = "Tyuiu.PyrkinAA.Sprint5.Task1.V24", "Tyuiu.PyrkinAA.Sprint5.Task1.V24\Tyuiu.PyrkinAA.Sprint5.Task1.V24.csproj", "{C05D8527-1D5A-4C90-A18E-57ED55A12781}"
EndProject
Project("{FAE04EC0-301F-11D3-BF4B-00C04F79EFBC}") = "Tyuiu.PyrkinAA.Sprint5.Task1.V24.Test", "Tyuiu.PyrkinAA.Sprint5.Task1.V24.Test\Tyuiu.PyrkinAA.Sprint5.Task1.V24.Test.csproj", "{72EC2D96-DA37-4F15-B637-DC788350F9D7}"
EndProject
Project("{FAE04EC0-301F-11D3-BF4B-00C04F79EFBC}") = "Tyuiu.PyrkinAA.Sprint5.Task1.V24.Lib", "Tyuiu.PyrkinAA.Sprint5.Task1.V24.Lib\Tyuiu.PyrkinAA.Sprint5.Task1.V24.Lib.csproj", "{801D4FB7-090E-4253-A256-831B049F3E0B}"
EndProject
Project("{2150E333-8FDC-42A3-9474-1A3956D46DE8}") = "Task2", "Task2", "{59F254F0-0B12-4E41-8798-0AD08690DCD5}"
EndProject
Project("{FAE04EC0-301F-11D3-BF4B-00C04F79EFBC}") = "Tyuiu.PyrkinAA.Sprint5.Task2.V14", "Tyuiu.PyrkinAA.Sprint5.Task2.V14\Tyuiu.PyrkinAA.Sprint5.Task2.V14.csproj", "{4FC74ED9-00E1-474F-B606-6E6B0DBC749F}"
EndProject
Project("{FAE04EC0-301F-11D3-BF4B-00C04F79EFBC}") = "Tyuiu.PyrkinAA.Sprint5.Task2.V14.Lib", "Tyuiu.PyrkinAA.Sprint5.Task2.V14.Lib\Tyuiu.PyrkinAA.Sprint5.Task2.V14.Lib.csproj", "{C7229454-3088-4C5D-9A8B-4020A7836DD1}"
EndProject
Project("{FAE04EC0-301F-11D3-BF4B-00C04F79EFBC}") = "Tyuiu.PyrkinAA.Sprint5.Task2.V14.Test", "Tyuiu.PyrkinAA.Sprint5.Task2.V14.Test\Tyuiu.PyrkinAA.Sprint5.Task2.V14.Test.csproj", "{024F43A4-DCC7-4927-8063-6F5CE28B3782}"
EndProject
Project("{2150E333-8FDC-42A3-9474-1A3956D46DE8}") = "Task3", "Task3", "{1CAE205B-6020-4C74-BC44-3C49FA0C763B}"
EndProject
Project("{FAE04EC0-301F-11D3-BF4B-00C04F79EFBC}") = "Tyuiu.PyrkinAA.Sprint5.Task3.V24", "Tyuiu.PyrkinAA.Sprint5.Task3.V24\Tyuiu.PyrkinAA.Sprint5.Task3.V24.csproj", "{850EF5F1-0C53-4D7D-A6B5-90DCD4408BCE}"
EndProject
Project("{FAE04EC0-301F-11D3-BF4B-00C04F79EFBC}") = "Tyuiu.PyrkinAA.Sprint5.Task3.V24.Test", "Tyuiu.PyrkinAA.Sprint5.Task3.V24.Test\Tyuiu.PyrkinAA.Sprint5.Task3.V24.Test.csproj", "{33634C3D-146A-42C3-A37A-564BD2767E47}"
EndProject
Project("{FAE04EC0-301F-11D3-BF4B-00C04F79EFBC}") = "Tyuiu.PyrkinAA.Sprint5.Task3.V24.Lib", "Tyuiu.PyrkinAA.Sprint5.Task3.V24.Lib\Tyuiu.PyrkinAA.Sprint5.Task3.V24.Lib.csproj", "{9F26CDCC-4577-412F-BF98-60BF35CFBF35}"
EndProject
Project("{2150E333-8FDC-42A3-9474-1A3956D46DE8}") = "Task4", "Task4", "{F79E3ED5-F61F-41A4-9AF1-54DC582C853D}"
EndProject
Project("{FAE04EC0-301F-11D3-BF4B-00C04F79EFBC}") = "Tyuiu.PyrkinAA.Sprint5.Task4.V30", "Tyuiu.PyrkinAA.Sprint5.Task4.V30\Tyuiu.PyrkinAA.Sprint5.Task4.V30.csproj", "{E65D6974-E727-4CA8-A12C-EC2F8EDDEB3C}"
EndProject
Project("{FAE04EC0-301F-11D3-BF4B-00C04F79EFBC}") = "Tyuiu.PyrkinAA.Sprint5.Task4.V30.Lib", "Tyuiu.PyrkinAA.Sprint5.Task4.V30.Lib\Tyuiu.PyrkinAA.Sprint5.Task4.V30.Lib.csproj", "{A062BC73-4593-4F58-9E55-C6D359A719E5}"
EndProject
Project("{FAE04EC0-301F-11D3-BF4B-00C04F79EFBC}") = "Tyuiu.PyrkinAA.Sprint5.Task4.V30.Test", "Tyuiu.PyrkinAA.Sprint5.Task4.V30.Test\Tyuiu.PyrkinAA.Sprint5.Task4.V30.Test.csproj", "{0E6A05D2-0180-46F3-8B11-CAFF31EE411B}"
EndProject
Project("{2150E333-8FDC-42A3-9474-1A3956D46DE8}") = "Task5", "Task5", "{2A365476-8EB5-45D2-84E3-A09046D000C6}"
EndProject
Project("{FAE04EC0-301F-11D3-BF4B-00C04F79EFBC}") = "Tyuiu.PyrkinAA.Sprint5.Task5.V6", "Tyuiu.PyrkinAA.Sprint5.Task5.V6\Tyuiu.PyrkinAA.Sprint5.Task5.V6.csproj", "{920D5AE3-214A-4619-932F-063A9F05AC21}"
EndProject
Project("{FAE04EC0-301F-11D3-BF4B-00C04F79EFBC}") = "Tyuiu.PyrkinAA.Sprint5.Task5.V6.Test", "Tyuiu.PyrkinAA.Sprint5.Task5.V6.Test\Tyuiu.PyrkinAA.Sprint5.Task5.V6.Test.csproj", "{74609466-E9B4-4602-8072-917945BCDB41}"
EndProject
Project("{FAE04EC0-301F-11D3-BF4B-00C04F79EFBC}") = "Tyuiu.PyrkinAA.Sprint5.Task5.V6.Lib", "Tyuiu.PyrkinAA.Sprint5.Task5.V6.Lib\Tyuiu.PyrkinAA.Sprint5.Task5.V6.Lib.csproj", "{FDEFF526-65C5-4C18-8EC8-13454C9B4BD8}"
EndProject
Project("{2150E333-8FDC-42A3-9474-1A3956D46DE8}") = "Task6", "Task6", "{D15A99E9-2476-4FFE-B1FD-5449ACF8E564}"
EndProject
Project("{FAE04EC0-301F-11D3-BF4B-00C04F79EFBC}") = "Tyuiu.PyrkinAA.Sprint5.Task6.V17", "Tyuiu.PyrkinAA.Sprint5.Task6.V17\Tyuiu.PyrkinAA.Sprint5.Task6.V17.csproj", "{B83EE76B-A717-474E-A59C-0873A858E9AD}"
EndProject
Project("{FAE04EC0-301F-11D3-BF4B-00C04F79EFBC}") = "Tyuiu.PyrkinAA.Sprint5.Task6.V17.Lib", "Tyuiu.PyrkinAA.Sprint5.Task6.V17.Lib\Tyuiu.PyrkinAA.Sprint5.Task6.V17.Lib.csproj", "{A1FF1256-E81B-40BC-B3D5-E53D904853E0}"
EndProject
Project("{FAE04EC0-301F-11D3-BF4B-00C04F79EFBC}") = "Tyuiu.PyrkinAA.Sprint5.Task6.V17.Test", "Tyuiu.PyrkinAA.Sprint5.Task6.V17.Test\Tyuiu.PyrkinAA.Sprint5.Task6.V17.Test.csproj", "{9D737915-B9E5-49E3-9410-22EB26834C1A}"
EndProject
Project("{2150E333-8FDC-42A3-9474-1A3956D46DE8}") = "Task7", "Task7", "{0DA92297-E1B7-4B12-978F-A9B3358CDE92}"
EndProject
Project("{FAE04EC0-301F-11D3-BF4B-00C04F79EFBC}") = "Tyuiu.PyrkinAA.Sprint5.Task7.V17", "Tyuiu.PyrkinAA.Sprint5.Task7.V17\Tyuiu.PyrkinAA.Sprint5.Task7.V17.csproj", "{A7D34C3A-A306-461A-B8E6-7E89EFA9D4E0}"
EndProject
Project("{FAE04EC0-301F-11D3-BF4B-00C04F79EFBC}") = "Tyuiu.PyrkinAA.Sprint5.Task7.V17.Test", "Tyuiu.PyrkinAA.Sprint5.Task7.V17.Test\Tyuiu.PyrkinAA.Sprint5.Task7.V17.Test.csproj", "{6A53DD91-3D16-411A-9689-90E87C06DA55}"
EndProject
Project("{FAE04EC0-301F-11D3-BF4B-00C04F79EFBC}") = "Tyuiu.PyrkinAA.Sprint5.Task7.V17.Lib", "Tyuiu.PyrkinAA.Sprint5.Task7.V17.Lib\Tyuiu.PyrkinAA.Sprint5.Task7.V17.Lib.csproj", "{AAF9BDDD-2AFE-4784-BD27-6AC085426CDA}"
EndProject
Global
	GlobalSection(SolutionConfigurationPlatforms) = preSolution
		Debug|Any CPU = Debug|Any CPU
		Release|Any CPU = Release|Any CPU
	EndGlobalSection
	GlobalSection(ProjectConfigurationPlatforms) = postSolution
		{6A59D42F-F549-4A56-9E6D-1EE5173C4879}.Debug|Any CPU.ActiveCfg = Debug|Any CPU
		{6A59D42F-F549-4A56-9E6D-1EE5173C4879}.Debug|Any CPU.Build.0 = Debug|Any CPU
		{6A59D42F-F549-4A56-9E6D-1EE5173C4879}.Release|Any CPU.ActiveCfg = Release|Any CPU
		{6A59D42F-F549-4A56-9E6D-1EE5173C4879}.Release|Any CPU.Build.0 = Release|Any CPU
		{1F806470-E683-44E1-A7D9-3C82E05C1AED}.Debug|Any CPU.ActiveCfg = Debug|Any CPU
		{1F806470-E683-44E1-A7D9-3C82E05C1AED}.Debug|Any CPU.Build.0 = Debug|Any CPU
		{1F806470-E683-44E1-A7D9-3C82E05C1AED}.Release|Any CPU.ActiveCfg = Release|Any CPU
		{1F806470-E683-44E1-A7D9-3C82E05C1AED}.Release|Any CPU.Build.0 = Release|Any CPU
		{21D4196B-AD40-49EE-B03B-BF257A501AB1}.Debug|Any CPU.ActiveCfg = Debug|Any CPU
		{21D4196B-AD40-49EE-B03B-BF257A501AB1}.Debug|Any CPU.Build.0 = Debug|Any CPU
		{21D4196B-AD40-49EE-B03B-BF257A501AB1}.Release|Any CPU.ActiveCfg = Release|Any CPU
		{21D4196B-AD40-49EE-B03B-BF257A501AB1}.Release|Any CPU.Build.0 = Release|Any CPU
		{C05D8527-1D5A-4C90-A18E-57ED55A12781}.Debug|Any CPU.ActiveCfg = Debug|Any CPU
		{C05D8527-1D5A-4C90-A18E-57ED55A12781}.Debug|Any CPU.Build.0 = Debug|Any CPU
		{C05D8527-1D5A-4C90-A18E-57ED55A12781}.Release|Any CPU.ActiveCfg = Release|Any CPU
		{C05D8527-1D5A-4C90-A18E-57ED55A12781}.Release|Any CPU.Build.0 = Release|Any CPU
		{72EC2D96-DA37-4F15-B637-DC788350F9D7}.Debug|Any CPU.ActiveCfg = Debug|Any CPU
		{72EC2D96-DA37-4F15-B637-DC788350F9D7}.Debug|Any CPU.Build.0 = Debug|Any CPU
		{72EC2D96-DA37-4F15-B637-DC788350F9D7}.Release|Any CPU.ActiveCfg = Release|Any CPU
		{72EC2D96-DA37-4F15-B637-DC788350F9D7}.Release|Any CPU.Build.0 = Release|Any CPU
		{801D4FB7-090E-4253-A256-831B049F3E0B}.Debug|Any CPU.ActiveCfg = Debug|Any CPU
		{801D4FB7-090E-4253-A256-831B049F3E0B}.Debug|Any CPU.Build.0 = Debug|Any CPU
		{801D4FB7-090E-4253-A256-831B049F3E0B}.Release|Any CPU.ActiveCfg = Release|Any CPU
		{801D4FB7-090E-4253-A256-831B049F3E0B}.Release|Any CPU.Build.0 = Release|Any CPU
		{4FC74ED9-00E1-474F-B606-6E6B0DBC749F}.Debug|Any CPU.ActiveCfg = Debug|Any CPU
		{4FC74ED9-00E1-474F-B606-6E6B0DBC749F}.Debug|Any CPU.Build.0 = Debug|Any CPU
		{4FC74ED9-00E1-474F-B606-6E6B0DBC749F}.Release|Any CPU.ActiveCfg = Release|Any CPU
		{4FC74ED9-00E1-474F-B606-6E6B0DBC749F}.Release|Any CPU.Build.0 = Release|Any CPU
		{C7229454-3088-4C5D-9A8B-4020A7836DD1}.Debug|Any CPU.ActiveCfg = Debug|Any CPU
		{C7229454-3088-4C5D-9A8B-4020A7836DD1}.Debug|Any CPU.Build.0 = Debug|Any CPU
		{C7229454-3088-4C5D-9A8B-4020A7836DD1}.Release|Any CPU.ActiveCfg = Release|Any CPU
		{C7229454-3088-4C5D-9A8B-4020A7836DD1}.Release|Any CPU.Build.0 = Release|Any CPU
		{024F43A4-DCC7-4927-8063-6F5CE28B3782}.Debug|Any CPU.ActiveCfg = Debug|Any CPU
		{024F43A4-DCC7-4927-8063-6F5CE28B3782}.Debug|Any CPU.Build.0 = Debug|Any CPU
		{024F43A4-DCC7-4927-8063-6F5CE28B3782}.Release|Any CPU.ActiveCfg = Release|Any CPU
		{024F43A4-DCC7-4927-8063-6F5CE28B3782}.Release|Any CPU.Build.0 = Release|Any CPU
		{850EF5F1-0C53-4D7D-A6B5-90DCD4408BCE}.Debug|Any CPU.ActiveCfg = Debug|Any CPU
		{850EF5F1-0C53-4D7D-A6B5-90DCD4408BCE}.Debug|Any CPU.Build.0 = Debug|Any CPU
		{850EF5F1-0C53-4D7D-A6B5-90DCD4408BCE}.Release|Any CPU.ActiveCfg = Release|Any CPU
		{850EF5F1-0C53-4D7D-A6B5-90DCD4408BCE}.Release|Any CPU.Build.0 = Release|Any CPU
		{33634C3D-146A-42C3-A37A-564BD2767E47}.Debug|Any CPU.ActiveCfg = Debug|Any CPU
		{33634C3D-146A-42C3-A37A-564BD2767E47}.Debug|Any CPU.Build.0 = Debug|Any CPU
		{33634C3D-146A-42C3-A37A-564BD2767E47}.Release|Any CPU.ActiveCfg = Release|Any CPU
		{33634C3D-146A-42C3-A37A-564BD2767E47}.Release|Any CPU.Build.0 = Release|Any CPU
		{9F26CDCC-4577-412F-BF98-60BF35CFBF35}.Debug|Any CPU.ActiveCfg = Debug|Any CPU
		{9F26CDCC-4577-412F-BF98-60BF35CFBF35}.Debug|Any CPU.Build.0 = Debug|Any CPU
		{9F26CDCC-4577-412F-BF98-60BF35CFBF35}.Release|Any CPU.ActiveCfg = Release|Any CPU
		{9F26CDCC-4577-412F-BF98-60BF35CFBF35}.Release|Any CPU.Build.0 = Release|Any CPU
		{E65D6974-E727-4CA8-A12C-EC2F8EDDEB3C}.Debug|Any CPU.ActiveCfg = Debug|Any CPU
		{E65D6974-E727-4CA8-A12C-EC2F8EDDEB3C}.Debug|Any CPU.Build.0 = Debug|Any CPU
		{E65D6974-E727-4CA8-A12C-EC2F8EDDEB3C}.Release|Any CPU.ActiveCfg = Release|Any CPU
		{E65D6974-E727-4CA8-A12C-EC2F8EDDEB3C}.Release|Any CPU.Build.0 = Release|Any CPU
		{A062BC73-4593-4F58-9E55-C6D359A719E5}.Debug|Any CPU.ActiveCfg = Debug|Any CPU
		{A062BC73-4593-4F58-9E55-C6D359A719E5}.Debug|Any CPU.Build.0 = Debug|Any CPU
		{A062BC73-4593-4F58-9E55-C6D359A719E5}.Release|Any CPU.ActiveCfg = Release|Any CPU
		{A062BC73-4593-4F58-9E55-C6D359A719E5}.Release|Any CPU.Build.0 = Release|Any CPU
		{0E6A05D2-0180-46F3-8B11-CAFF31EE411B}.Debug|Any CPU.ActiveCfg = Debug|Any CPU
		{0E6A05D2-0180-46F3-8B11-CAFF31EE411B}.Debug|Any CPU.Build.0 = Debug|Any CPU
		{0E6A05D2-0180-46F3-8B11-CAFF31EE411B}.Release|Any CPU.ActiveCfg = Release|Any CPU
		{0E6A05D2-0180-46F3-8B11-CAFF31EE411B}.Release|Any CPU.Build.0 = Release|Any CPU
		{920D5AE3-214A-4619-932F-063A9F05AC21}.Debug|Any CPU.ActiveCfg = Debug|Any CPU
		{920D5AE3-214A-4619-932F-063A9F05AC21}.Debug|Any CPU.Build.0 = Debug|Any CPU
		{920D5AE3-214A-4619-932F-063A9F05AC21}.Release|Any CPU.ActiveCfg = Release|Any CPU
		{920D5AE3-214A-4619-932F-063A9F05AC21}.Release|Any CPU.Build.0 = Release|Any CPU
		{74609466-E9B4-4602-8072-917945BCDB41}.Debug|Any CPU.ActiveCfg = Debug|Any CPU
		{74609466-E9B4-4602-8072-917945BCDB41}.Debug|Any CPU.Build.0 = Debug|Any CPU
		{74609466-E9B4-4602-8072-917945BCDB41}.Release|Any CPU.ActiveCfg = Release|Any CPU
		{74609466-E9B4-4602-8072-917945BCDB41}.Release|Any CPU.Build.0 = Release|Any CPU
		{FDEFF526-65C5-4C18-8EC8-13454C9B4BD8}.Debug|Any CPU.ActiveCfg = Debug|Any CPU
		{FDEFF526-65C5-4C18-8EC8-13454C9B4BD8}.Debug|Any CPU.Build.0 = Debug|Any CPU
		{FDEFF526-65C5-4C18-8EC8-13454C9B4BD8}.Release|Any CPU.ActiveCfg = Release|Any CPU
		{FDEFF526-65C5-4C18-8EC8-13454C9B4BD8}.Release|Any CPU.Build.0 = Release|Any CPU
		{B83EE76B-A717-474E-A59C-0873A858E9AD}.Debug|Any CPU.ActiveCfg = Debug|Any CPU
		{B83EE76B-A717-474E-A59C-0873A858E9AD}.Debug|Any CPU.Build.0 = Debug|Any CPU
		{B83EE76B-A717-474E-A59C-0873A858E9AD}.Release|Any CPU.ActiveCfg = Release|Any CPU
		{B83EE76B-A717-474E-A59C-0873A858E9AD}.Release|Any CPU.Build.0 = Release|Any CPU
		{A1FF1256-E81B-40BC-B3D5-E53D904853E0}.Debug|Any CPU.ActiveCfg = Debug|Any CPU
		{A1FF1256-E81B-40BC-B3D5-E53D904853E0}.Debug|Any CPU.Build.0 = Debug|Any CPU
		{A1FF1256-E81B-40BC-B3D5-E53D904853E0}.Release|Any CPU.ActiveCfg = Release|Any CPU
		{A1FF1256-E81B-40BC-B3D5-E53D904853E0}.Release|Any CPU.Build.0 = Release|Any CPU
		{9D737915-B9E5-49E3-9410-22EB26834C1A}.Debug|Any CPU.ActiveCfg = Debug|Any CPU
		{9D737915-B9E5-49E3-9410-22EB26834C1A}.Debug|Any CPU.Build.0 = Debug|Any CPU
		{9D737915-B9E5-49E3-9410-22EB26834C1A}.Release|Any CPU.ActiveCfg = Release|Any CPU
		{9D737915-B9E5-49E3-9410-22EB26834C1A}.Release|Any CPU.Build.0 = Release|Any CPU
		{A7D34C3A-A306-461A-B8E6-7E89EFA9D4E0}.Debug|Any CPU.ActiveCfg = Debug|Any CPU
		{A7D34C3A-A306-461A-B8E6-7E89EFA9D4E0}.Debug|Any CPU.Build.0 = Debug|Any CPU
		{A7D34C3A-A306-461A-B8E6-7E89EFA9D4E0}.Release|Any CPU.ActiveCfg = Release|Any CPU
		{A7D34C3A-A306-461A-B8E6-7E89EFA9D4E0}.Release|Any CPU.Build.0 = Release|Any CPU
		{6A53DD91-3D16-411A-9689-90E87C06DA55}.Debug|Any CPU.ActiveCfg = Debug|Any CPU
		{6A53DD91-3D16-411A-9689-90E87C06DA55}.Debug|Any CPU.Build.0 = Debug|Any CPU
		{6A53DD91-3D16-411A-9689-90E87C06DA55}.Release|Any CPU.ActiveCfg = Release|Any CPU
		{6A53DD91-3D16-411A-9689-90E87C06DA55}.Release|Any CPU.Build.0 = Release|Any CPU
		{AAF9BDDD-2AFE-4784-BD27-6AC085426CDA}.Debug|Any CPU.ActiveCfg = Debug|Any CPU
		{AAF9BDDD-2AFE-4784-BD27-6AC085426CDA}.Debug|Any CPU.Build.0 = Debug|Any CPU
		{AAF9BDDD-2AFE-4784-BD27-6AC085426CDA}.Release|Any CPU.ActiveCfg = Release|Any CPU
		{AAF9BDDD-2AFE-4784-BD27-6AC085426CDA}.Release|Any CPU.Build.0 = Release|Any CPU
	EndGlobalSection
	GlobalSection(SolutionProperties) = preSolution
		HideSolutionNode = FALSE
	EndGlobalSection
	GlobalSection(NestedProjects) = preSolution
		{6A59D42F-F549-4A56-9E6D-1EE5173C4879} = {02EA681E-C7D8-13C7-8484-4AC65E1B71E8}
		{1F806470-E683-44E1-A7D9-3C82E05C1AED} = {02EA681E-C7D8-13C7-8484-4AC65E1B71E8}
		{21D4196B-AD40-49EE-B03B-BF257A501AB1} = {02EA681E-C7D8-13C7-8484-4AC65E1B71E8}
		{C05D8527-1D5A-4C90-A18E-57ED55A12781} = {A57B9484-4387-4252-9859-B797BC0D4F45}
		{72EC2D96-DA37-4F15-B637-DC788350F9D7} = {A57B9484-4387-4252-9859-B797BC0D4F45}
		{801D4FB7-090E-4253-A256-831B049F3E0B} = {A57B9484-4387-4252-9859-B797BC0D4F45}
		{4FC74ED9-00E1-474F-B606-6E6B0DBC749F} = {59F254F0-0B12-4E41-8798-0AD08690DCD5}
		{C7229454-3088-4C5D-9A8B-4020A7836DD1} = {59F254F0-0B12-4E41-8798-0AD08690DCD5}
		{024F43A4-DCC7-4927-8063-6F5CE28B3782} = {59F254F0-0B12-4E41-8798-0AD08690DCD5}
		{850EF5F1-0C53-4D7D-A6B5-90DCD4408BCE} = {1CAE205B-6020-4C74-BC44-3C49FA0C763B}
		{33634C3D-146A-42C3-A37A-564BD2767E47} = {1CAE205B-6020-4C74-BC44-3C49FA0C763B}
		{9F26CDCC-4577-412F-BF98-60BF35CFBF35} = {1CAE205B-6020-4C74-BC44-3C49FA0C763B}
		{E65D6974-E727-4CA8-A12C-EC2F8EDDEB3C} = {F79E3ED5-F61F-41A4-9AF1-54DC582C853D}
		{A062BC73-4593-4F58-9E55-C6D359A719E5} = {F79E3ED5-F61F-41A4-9AF1-54DC582C853D}
		{0E6A05D2-0180-46F3-8B11-CAFF31EE411B} = {F79E3ED5-F61F-41A4-9AF1-54DC582C853D}
		{920D5AE3-214A-4619-932F-063A9F05AC21} = {2A365476-8EB5-45D2-84E3-A09046D000C6}
		{74609466-E9B4-4602-8072-917945BCDB41} = {2A365476-8EB5-45D2-84E3-A09046D000C6}
		{FDEFF526-65C5-4C18-8EC8-13454C9B4BD8} = {2A365476-8EB5-45D2-84E3-A09046D000C6}
		{B83EE76B-A717-474E-A59C-0873A858E9AD} = {D15A99E9-2476-4FFE-B1FD-5449ACF8E564}
		{A1FF1256-E81B-40BC-B3D5-E53D904853E0} = {D15A99E9-2476-4FFE-B1FD-5449ACF8E564}
		{9D737915-B9E5-49E3-9410-22EB26834C1A} = {D15A99E9-2476-4FFE-B1FD-5449ACF8E564}
		{A7D34C3A-A306-461A-B8E6-7E89EFA9D4E0} = {0DA92297-E1B7-4B12-978F-A9B3358CDE92}
		{6A53DD91-3D16-411A-9689-90E87C06DA55} = {0DA92297-E1B7-4B12-978F-A9B3358CDE92}
		{AAF9BDDD-2AFE-4784-BD27-6AC085426CDA} = {0DA92297-E1B7-4B12-978F-A9B3358CDE92}
	EndGlobalSection
	GlobalSection(ExtensibilityGlobals) = postSolution
		SolutionGuid = {DA4B5684-DED0-4707-A6A8-9C5B1EFFCB54}
	EndGlobalSection
EndGlobal
